{
    "name": "Select2",
    "version": "3.5.0",
    "lockfileVersion": 3,
    "requires": true,
    "packages": {
        "": {
            "name": "Select2",
            "version": "3.5.0",
            "dependencies": {
                "Select2": "file:"
            }
        },
        "node_modules/Select2": {
            "resolved": "",
            "link": true
        }
    }
}
